// !$*UTF8*$!
{
	archiveVersion = 1;
	classes = {
	};
	objectVersion = 60;
	objects = {

/* Begin PBXBuildFile section */
		ECD2853C2C2028B200549452 /* SwiftUI_SearchBarApp.swift in Sources */ = {isa = PBXBuildFile; fileRef = ECD2853B2C2028B200549452 /* SwiftUI_SearchBarApp.swift */; };
		ECD2853E2C2028B200549452 /* ContentView.swift in Sources */ = {isa = PBXBuildFile; fileRef = ECD2853D2C2028B200549452 /* ContentView.swift */; };
		ECD285402C2028B300549452 /* Assets.xcassets in Resources */ = {isa = PBXBuildFile; fileRef = ECD2853F2C2028B300549452 /* Assets.xcassets */; };
		ECD285432C2028B300549452 /* Preview Assets.xcassets in Resources */ = {isa = PBXBuildFile; fileRef = ECD285422C2028B300549452 /* Preview Assets.xcassets */; };
		ECD285662C20293200549452 /* SearchBar.swift in Sources */ = {isa = PBXBuildFile; fileRef = ECD285652C20293200549452 /* SearchBar.swift */; };
		ECD285682C2032C300549452 /* SearchViewModel.swift in Sources */ = {isa = PBXBuildFile; fileRef = ECD285672C2032C300549452 /* SearchViewModel.swift */; };
/* End PBXBuildFile section */

/* Begin PBXContainerItemProxy section */
		ECD285492C2028B400549452 /* PBXContainerItemProxy */ = {
			isa = PBXContainerItemProxy;
			containerPortal = ECD285302C2028B200549452 /* Project object */;
			proxyType = 1;
			remoteGlobalIDString = ECD285372C2028B200549452;
			remoteInfo = "SwiftUI-SearchBar";
		};
		ECD285532C2028B400549452 /* PBXContainerItemProxy */ = {
			isa = PBXContainerItemProxy;
			containerPortal = ECD285302C2028B200549452 /* Project object */;
			proxyType = 1;
			remoteGlobalIDString = ECD285372C2028B200549452;
			remoteInfo = "SwiftUI-SearchBar";
		};
/* End PBXContainerItemProxy section */

/* Begin PBXFileReference section */
		ECD285382C2028B200549452 /* SwiftUI-SearchBar.app */ = {isa = PBXFileReference; explicitFileType = wrapper.application; includeInIndex = 0; path = "SwiftUI-SearchBar.app"; sourceTree = BUILT_PRODUCTS_DIR; };
		ECD2853B2C2028B200549452 /* SwiftUI_SearchBarApp.swift */ = {isa = PBXFileReference; lastKnownFileType = sourcecode.swift; path = SwiftUI_SearchBarApp.swift; sourceTree = "<group>"; };
		ECD2853D2C2028B200549452 /* ContentView.swift */ = {isa = PBXFileReference; lastKnownFileType = sourcecode.swift; path = ContentView.swift; sourceTree = "<group>"; };
		ECD2853F2C2028B300549452 /* Assets.xcassets */ = {isa = PBXFileReference; lastKnownFileType = folder.assetcatalog; path = Assets.xcassets; sourceTree = "<group>"; };
		ECD285422C2028B300549452 /* Preview Assets.xcassets */ = {isa = PBXFileReference; lastKnownFileType = folder.assetcatalog; path = "Preview Assets.xcassets"; sourceTree = "<group>"; };
		ECD285482C2028B400549452 /* SwiftUI-SearchBarTests.xctest */ = {isa = PBXFileReference; explicitFileType = wrapper.cfbundle; includeInIndex = 0; path = "SwiftUI-SearchBarTests.xctest"; sourceTree = BUILT_PRODUCTS_DIR; };
		ECD285522C2028B400549452 /* SwiftUI-SearchBarUITests.xctest */ = {isa = PBXFileReference; explicitFileType = wrapper.cfbundle; includeInIndex = 0; path = "SwiftUI-SearchBarUITests.xctest"; sourceTree = BUILT_PRODUCTS_DIR; };
		ECD285652C20293200549452 /* SearchBar.swift */ = {isa = PBXFileReference; lastKnownFileType = sourcecode.swift; path = SearchBar.swift; sourceTree = "<group>"; };
		ECD285672C2032C300549452 /* SearchViewModel.swift */ = {isa = PBXFileReference; lastKnownFileType = sourcecode.swift; path = SearchViewModel.swift; sourceTree = "<group>"; };
/* End PBXFileReference section */

/* Begin PBXFrameworksBuildPhase section */
		ECD285352C2028B200549452 /* Frameworks */ = {
			isa = PBXFrameworksBuildPhase;
			buildActionMask = 2147483647;
			files = (
			);
			runOnlyForDeploymentPostprocessing = 0;
		};
		ECD285452C2028B400549452 /* Frameworks */ = {
			isa = PBXFrameworksBuildPhase;
			buildActionMask = 2147483647;
			files = (
			);
			runOnlyForDeploymentPostprocessing = 0;
		};
		ECD2854F2C2028B400549452 /* Frameworks */ = {
			isa = PBXFrameworksBuildPhase;
			buildActionMask = 2147483647;
			files = (
			);
			runOnlyForDeploymentPostprocessing = 0;
		};
/* End PBXFrameworksBuildPhase section */

/* Begin PBXGroup section */
		ECD2852F2C2028B200549452 = {
			isa = PBXGroup;
			children = (
				ECD2853A2C2028B200549452 /* SwiftUI-SearchBar */,
				ECD285392C2028B200549452 /* Products */,
			);
			sourceTree = "<group>";
		};
		ECD285392C2028B200549452 /* Products */ = {
			isa = PBXGroup;
			children = (
				ECD285382C2028B200549452 /* SwiftUI-SearchBar.app */,
				ECD285482C2028B400549452 /* SwiftUI-SearchBarTests.xctest */,
				ECD285522C2028B400549452 /* SwiftUI-SearchBarUITests.xctest */,
			);
			name = Products;
			sourceTree = "<group>";
		};
		ECD2853A2C2028B200549452 /* SwiftUI-SearchBar */ = {
			isa = PBXGroup;
			children = (
				ECD2853B2C2028B200549452 /* SwiftUI_SearchBarApp.swift */,
				ECD2853D2C2028B200549452 /* ContentView.swift */,
				ECD285672C2032C300549452 /* SearchViewModel.swift */,
				ECD285652C20293200549452 /* SearchBar.swift */,
				ECD2853F2C2028B300549452 /* Assets.xcassets */,
				ECD285412C2028B300549452 /* Preview Content */,
			);
			path = "SwiftUI-SearchBar";
			sourceTree = "<group>";
		};
		ECD285412C2028B300549452 /* Preview Content */ = {
			isa = PBXGroup;
			children = (
				ECD285422C2028B300549452 /* Preview Assets.xcassets */,
			);
			path = "Preview Content";
			sourceTree = "<group>";
		};
/* End PBXGroup section */

/* Begin PBXNativeTarget section */
		ECD285372C2028B200549452 /* SwiftUI-SearchBar */ = {
			isa = PBXNativeTarget;
			buildConfigurationList = ECD2855C2C2028B400549452 /* Build configuration list for PBXNativeTarget "SwiftUI-SearchBar" */;
			buildPhases = (
				ECD285342C2028B200549452 /* Sources */,
				ECD285352C2028B200549452 /* Frameworks */,
				ECD285362C2028B200549452 /* Resources */,
			);
			buildRules = (
			);
			dependencies = (
			);
			name = "SwiftUI-SearchBar";
			productName = "SwiftUI-SearchBar";
			productReference = ECD285382C2028B200549452 /* SwiftUI-SearchBar.app */;
			productType = "com.apple.product-type.application";
		};
		ECD285472C2028B400549452 /* SwiftUI-SearchBarTests */ = {
			isa = PBXNativeTarget;
			buildConfigurationList = ECD2855F2C2028B400549452 /* Build configuration list for PBXNativeTarget "SwiftUI-SearchBarTests" */;
			buildPhases = (
				ECD285442C2028B400549452 /* Sources */,
				ECD285452C2028B400549452 /* Frameworks */,
				ECD285462C2028B400549452 /* Resources */,
			);
			buildRules = (
			);
			dependencies = (
				ECD2854A2C2028B400549452 /* PBXTargetDependency */,
			);
			name = "SwiftUI-SearchBarTests";
			productName = "SwiftUI-SearchBarTests";
			productReference = ECD285482C2028B400549452 /* SwiftUI-SearchBarTests.xctest */;
			productType = "com.apple.product-type.bundle.unit-test";
		};
		ECD285512C2028B400549452 /* SwiftUI-SearchBarUITests */ = {
			isa = PBXNativeTarget;
			buildConfigurationList = ECD285622C2028B400549452 /* Build configuration list for PBXNativeTarget "SwiftUI-SearchBarUITests" */;
			buildPhases = (
				ECD2854E2C2028B400549452 /* Sources */,
				ECD2854F2C2028B400549452 /* Frameworks */,
				ECD285502C2028B400549452 /* Resources */,
			);
			buildRules = (
			);
			dependencies = (
				ECD285542C2028B400549452 /* PBXTargetDependency */,
			);
			name = "SwiftUI-SearchBarUITests";
			productName = "SwiftUI-SearchBarUITests";
			productReference = ECD285522C2028B400549452 /* SwiftUI-SearchBarUITests.xctest */;
			productType = "com.apple.product-type.bundle.ui-testing";
		};
/* End PBXNativeTarget section */

/* Begin PBXProject section */
		ECD285302C2028B200549452 /* Project object */ = {
			isa = PBXProject;
			attributes = {
				BuildIndependentTargetsInParallel = 1;
				LastSwiftUpdateCheck = 1600;
				LastUpgradeCheck = 1600;
				TargetAttributes = {
					ECD285372C2028B200549452 = {
						CreatedOnToolsVersion = 16.0;
					};
					ECD285472C2028B400549452 = {
						CreatedOnToolsVersion = 16.0;
						TestTargetID = ECD285372C2028B200549452;
					};
					ECD285512C2028B400549452 = {
						CreatedOnToolsVersion = 16.0;
						TestTargetID = ECD285372C2028B200549452;
					};
				};
			};
			buildConfigurationList = ECD285332C2028B200549452 /* Build configuration list for PBXProject "SwiftUI-SearchBar" */;
			compatibilityVersion = "Xcode 15.0";
			developmentRegion = en;
			hasScannedForEncodings = 0;
			knownRegions = (
				en,
				Base,
			);
			mainGroup = ECD2852F2C2028B200549452;
			productRefGroup = ECD285392C2028B200549452 /* Products */;
			projectDirPath = "";
			projectRoot = "";
			targets = (
				ECD285372C2028B200549452 /* SwiftUI-SearchBar */,
				ECD285472C2028B400549452 /* SwiftUI-SearchBarTests */,
				ECD285512C2028B400549452 /* SwiftUI-SearchBarUITests */,
			);
		};
/* End PBXProject section */

/* Begin PBXResourcesBuildPhase section */
		ECD285362C2028B200549452 /* Resources */ = {
			isa = PBXResourcesBuildPhase;
			buildActionMask = 2147483647;
			files = (
				ECD285432C2028B300549452 /* Preview Assets.xcassets in Resources */,
				ECD285402C2028B300549452 /* Assets.xcassets in Resources */,
			);
			runOnlyForDeploymentPostprocessing = 0;
		};
		ECD285462C2028B400549452 /* Resources */ = {
			isa = PBXResourcesBuildPhase;
			buildActionMask = 2147483647;
			files = (
			);
			runOnlyForDeploymentPostprocessing = 0;
		};
		ECD285502C2028B400549452 /* Resources */ = {
			isa = PBXResourcesBuildPhase;
			buildActionMask = 2147483647;
			files = (
			);
			runOnlyForDeploymentPostprocessing = 0;
		};
/* End PBXResourcesBuildPhase section */

/* Begin PBXSourcesBuildPhase section */
		ECD285342C2028B200549452 /* Sources */ = {
			isa = PBXSourcesBuildPhase;
			buildActionMask = 2147483647;
			files = (
				ECD2853E2C2028B200549452 /* ContentView.swift in Sources */,
				ECD2853C2C2028B200549452 /* SwiftUI_SearchBarApp.swift in Sources */,
				ECD285682C2032C300549452 /* SearchViewModel.swift in Sources */,
				ECD285662C20293200549452 /* SearchBar.swift in Sources */,
			);
			runOnlyForDeploymentPostprocessing = 0;
		};
		ECD285442C2028B400549452 /* Sources */ = {
			isa = PBXSourcesBuildPhase;
			buildActionMask = 2147483647;
			files = (
			);
			runOnlyForDeploymentPostprocessing = 0;
		};
		ECD2854E2C2028B400549452 /* Sources */ = {
			isa = PBXSourcesBuildPhase;
			buildActionMask = 2147483647;
			files = (
			);
			runOnlyForDeploymentPostprocessing = 0;
		};
/* End PBXSourcesBuildPhase section */

/* Begin PBXTargetDependency section */
		ECD2854A2C2028B400549452 /* PBXTargetDependency */ = {
			isa = PBXTargetDependency;
			target = ECD285372C2028B200549452 /* SwiftUI-SearchBar */;
			targetProxy = ECD285492C2028B400549452 /* PBXContainerItemProxy */;
		};
		ECD285542C2028B400549452 /* PBXTargetDependency */ = {
			isa = PBXTargetDependency;
			target = ECD285372C2028B200549452 /* SwiftUI-SearchBar */;
			targetProxy = ECD285532C2028B400549452 /* PBXContainerItemProxy */;
		};
/* End PBXTargetDependency section */

/* Begin XCBuildConfiguration section */
		ECD2855A2C2028B400549452 /* Debug */ = {
			isa = XCBuildConfiguration;
			buildSettings = {
				ALWAYS_SEARCH_USER_PATHS = NO;
				ASSETCATALOG_COMPILER_GENERATE_SWIFT_ASSET_SYMBOL_EXTENSIONS = YES;
				CLANG_ANALYZER_NONNULL = YES;
				CLANG_ANALYZER_NUMBER_OBJECT_CONVERSION = YES_AGGRESSIVE;
				CLANG_CXX_LANGUAGE_STANDARD = "gnu++20";
				CLANG_ENABLE_MODULES = YES;
				CLANG_ENABLE_OBJC_ARC = YES;
				CLANG_ENABLE_OBJC_WEAK = YES;
				CLANG_WARN_BLOCK_CAPTURE_AUTORELEASING = YES;
				CLANG_WARN_BOOL_CONVERSION = YES;
				CLANG_WARN_COMMA = YES;
				CLANG_WARN_CONSTANT_CONVERSION = YES;
				CLANG_WARN_DEPRECATED_OBJC_IMPLEMENTATIONS = YES;
				CLANG_WARN_DIRECT_OBJC_ISA_USAGE = YES_ERROR;
				CLANG_WARN_DOCUMENTATION_COMMENTS = YES;
				CLANG_WARN_EMPTY_BODY = YES;
				CLANG_WARN_ENUM_CONVERSION = YES;
				CLANG_WARN_INFINITE_RECURSION = YES;
				CLANG_WARN_INT_CONVERSION = YES;
				CLANG_WARN_NON_LITERAL_NULL_CONVERSION = YES;
				CLANG_WARN_OBJC_IMPLICIT_RETAIN_SELF = YES;
				CLANG_WARN_OBJC_LITERAL_CONVERSION = YES;
				CLANG_WARN_OBJC_ROOT_CLASS = YES_ERROR;
				CLANG_WARN_QUOTED_INCLUDE_IN_FRAMEWORK_HEADER = YES;
				CLANG_WARN_RANGE_LOOP_ANALYSIS = YES;
				CLANG_WARN_STRICT_PROTOTYPES = YES;
				CLANG_WARN_SUSPICIOUS_MOVE = YES;
				CLANG_WARN_UNGUARDED_AVAILABILITY = YES_AGGRESSIVE;
				CLANG_WARN_UNREACHABLE_CODE = YES;
				CLANG_WARN__DUPLICATE_METHOD_MATCH = YES;
				COPY_PHASE_STRIP = NO;
				DEBUG_INFORMATION_FORMAT = dwarf;
				ENABLE_STRICT_OBJC_MSGSEND = YES;
				ENABLE_TESTABILITY = YES;
				ENABLE_USER_SCRIPT_SANDBOXING = YES;
				GCC_C_LANGUAGE_STANDARD = gnu17;
				GCC_DYNAMIC_NO_PIC = NO;
				GCC_NO_COMMON_BLOCKS = YES;
				GCC_OPTIMIZATION_LEVEL = 0;
				GCC_PREPROCESSOR_DEFINITIONS = (
					"DEBUG=1",
					"$(inherited)",
				);
				GCC_WARN_64_TO_32_BIT_CONVERSION = YES;
				GCC_WARN_ABOUT_RETURN_TYPE = YES_ERROR;
				GCC_WARN_UNDECLARED_SELECTOR = YES;
				GCC_WARN_UNINITIALIZED_AUTOS = YES_AGGRESSIVE;
				GCC_WARN_UNUSED_FUNCTION = YES;
				GCC_WARN_UNUSED_VARIABLE = YES;
				IPHONEOS_DEPLOYMENT_TARGET = 18.0;
				LOCALIZATION_PREFERS_STRING_CATALOGS = YES;
				MTL_ENABLE_DEBUG_INFO = INCLUDE_SOURCE;
				MTL_FAST_MATH = YES;
				ONLY_ACTIVE_ARCH = YES;
				SDKROOT = iphoneos;
				SWIFT_ACTIVE_COMPILATION_CONDITIONS = "DEBUG $(inherited)";
				SWIFT_OPTIMIZATION_LEVEL = "-Onone";
			};
			name = Debug;
		};
		ECD2855B2C2028B400549452 /* Release */ = {
			isa = XCBuildConfiguration;
			buildSettings = {
				ALWAYS_SEARCH_USER_PATHS = NO;
				ASSETCATALOG_COMPILER_GENERATE_SWIFT_ASSET_SYMBOL_EXTENSIONS = YES;
				CLANG_ANALYZER_NONNULL = YES;
				CLANG_ANALYZER_NUMBER_OBJECT_CONVERSION = YES_AGGRESSIVE;
				CLANG_CXX_LANGUAGE_STANDARD = "gnu++20";
				CLANG_ENABLE_MODULES = YES;
				CLANG_ENABLE_OBJC_ARC = YES;
				CLANG_ENABLE_OBJC_WEAK = YES;
				CLANG_WARN_BLOCK_CAPTURE_AUTORELEASING = YES;
				CLANG_WARN_BOOL_CONVERSION = YES;
				CLANG_WARN_COMMA = YES;
				CLANG_WARN_CONSTANT_CONVERSION = YES;
				CLANG_WARN_DEPRECATED_OBJC_IMPLEMENTATIONS = YES;
				CLANG_WARN_DIRECT_OBJC_ISA_USAGE = YES_ERROR;
				CLANG_WARN_DOCUMENTATION_COMMENTS = YES;
				CLANG_WARN_EMPTY_BODY = YES;
				CLANG_WARN_ENUM_CONVERSION = YES;
				CLANG_WARN_INFINITE_RECURSION = YES;
				CLANG_WARN_INT_CONVERSION = YES;
				CLANG_WARN_NON_LITERAL_NULL_CONVERSION = YES;
				CLANG_WARN_OBJC_IMPLICIT_RETAIN_SELF = YES;
				CLANG_WARN_OBJC_LITERAL_CONVERSION = YES;
				CLANG_WARN_OBJC_ROOT_CLASS = YES_ERROR;
				CLANG_WARN_QUOTED_INCLUDE_IN_FRAMEWORK_HEADER = YES;
				CLANG_WARN_RANGE_LOOP_ANALYSIS = YES;
				CLANG_WARN_STRICT_PROTOTYPES = YES;
				CLANG_WARN_SUSPICIOUS_MOVE = YES;
				CLANG_WARN_UNGUARDED_AVAILABILITY = YES_AGGRESSIVE;
				CLANG_WARN_UNREACHABLE_CODE = YES;
				CLANG_WARN__DUPLICATE_METHOD_MATCH = YES;
				COPY_PHASE_STRIP = NO;
				DEBUG_INFORMATION_FORMAT = "dwarf-with-dsym";
				ENABLE_NS_ASSERTIONS = NO;
				ENABLE_STRICT_OBJC_MSGSEND = YES;
				ENABLE_USER_SCRIPT_SANDBOXING = YES;
				GCC_C_LANGUAGE_STANDARD = gnu17;
				GCC_NO_COMMON_BLOCKS = YES;
				GCC_WARN_64_TO_32_BIT_CONVERSION = YES;
				GCC_WARN_ABOUT_RETURN_TYPE = YES_ERROR;
				GCC_WARN_UNDECLARED_SELECTOR = YES;
				GCC_WARN_UNINITIALIZED_AUTOS = YES_AGGRESSIVE;
				GCC_WARN_UNUSED_FUNCTION = YES;
				GCC_WARN_UNUSED_VARIABLE = YES;
				IPHONEOS_DEPLOYMENT_TARGET = 18.0;
				LOCALIZATION_PREFERS_STRING_CATALOGS = YES;
				MTL_ENABLE_DEBUG_INFO = NO;
				MTL_FAST_MATH = YES;
				SDKROOT = iphoneos;
				SWIFT_COMPILATION_MODE = wholemodule;
				VALIDATE_PRODUCT = YES;
			};
			name = Release;
		};
		ECD2855D2C2028B400549452 /* Debug */ = {
			isa = XCBuildConfiguration;
			buildSettings = {
				ASSETCATALOG_COMPILER_APPICON_NAME = AppIcon;
				ASSETCATALOG_COMPILER_GLOBAL_ACCENT_COLOR_NAME = AccentColor;
				CODE_SIGN_STYLE = Automatic;
				CURRENT_PROJECT_VERSION = 1;
				DEVELOPMENT_ASSET_PATHS = "\"SwiftUI-SearchBar/Preview Content\"";
				ENABLE_PREVIEWS = YES;
				GENERATE_INFOPLIST_FILE = YES;
				INFOPLIST_KEY_UIApplicationSceneManifest_Generation = YES;
				INFOPLIST_KEY_UIApplicationSupportsIndirectInputEvents = YES;
				INFOPLIST_KEY_UILaunchScreen_Generation = YES;
				INFOPLIST_KEY_UISupportedInterfaceOrientations_iPad = "UIInterfaceOrientationPortrait UIInterfaceOrientationPortraitUpsideDown UIInterfaceOrientationLandscapeLeft UIInterfaceOrientationLandscapeRight";
				INFOPLIST_KEY_UISupportedInterfaceOrientations_iPhone = "UIInterfaceOrientationPortrait UIInterfaceOrientationLandscapeLeft UIInterfaceOrientationLandscapeRight";
				LD_RUNPATH_SEARCH_PATHS = (
					"$(inherited)",
					"@executable_path/Frameworks",
				);
				MARKETING_VERSION = 1.0;
				PRODUCT_BUNDLE_IDENTIFIER = "cristianbanarescu.SwiftUI-SearchBar";
				PRODUCT_NAME = "$(TARGET_NAME)";
				SWIFT_EMIT_LOC_STRINGS = YES;
				SWIFT_VERSION = 5.0;
				TARGETED_DEVICE_FAMILY = "1,2";
			};
			name = Debug;
		};
		ECD2855E2C2028B400549452 /* Release */ = {
			isa = XCBuildConfiguration;
			buildSettings = {
				ASSETCATALOG_COMPILER_APPICON_NAME = AppIcon;
				ASSETCATALOG_COMPILER_GLOBAL_ACCENT_COLOR_NAME = AccentColor;
				CODE_SIGN_STYLE = Automatic;
				CURRENT_PROJECT_VERSION = 1;
				DEVELOPMENT_ASSET_PATHS = "\"SwiftUI-SearchBar/Preview Content\"";
				ENABLE_PREVIEWS = YES;
				GENERATE_INFOPLIST_FILE = YES;
				INFOPLIST_KEY_UIApplicationSceneManifest_Generation = YES;
				INFOPLIST_KEY_UIApplicationSupportsIndirectInputEvents = YES;
				INFOPLIST_KEY_UILaunchScreen_Generation = YES;
				INFOPLIST_KEY_UISupportedInterfaceOrientations_iPad = "UIInterfaceOrientationPortrait UIInterfaceOrientationPortraitUpsideDown UIInterfaceOrientationLandscapeLeft UIInterfaceOrientationLandscapeRight";
				INFOPLIST_KEY_UISupportedInterfaceOrientations_iPhone = "UIInterfaceOrientationPortrait UIInterfaceOrientationLandscapeLeft UIInterfaceOrientationLandscapeRight";
				LD_RUNPATH_SEARCH_PATHS = (
					"$(inherited)",
					"@executable_path/Frameworks",
				);
				MARKETING_VERSION = 1.0;
				PRODUCT_BUNDLE_IDENTIFIER = "cristianbanarescu.SwiftUI-SearchBar";
				PRODUCT_NAME = "$(TARGET_NAME)";
				SWIFT_EMIT_LOC_STRINGS = YES;
				SWIFT_VERSION = 5.0;
				TARGETED_DEVICE_FAMILY = "1,2";
			};
			name = Release;
		};
		ECD285602C2028B400549452 /* Debug */ = {
			isa = XCBuildConfiguration;
			buildSettings = {
				BUNDLE_LOADER = "$(TEST_HOST)";
				CODE_SIGN_STYLE = Automatic;
				CURRENT_PROJECT_VERSION = 1;
				GENERATE_INFOPLIST_FILE = YES;
				IPHONEOS_DEPLOYMENT_TARGET = 18.0;
				MARKETING_VERSION = 1.0;
				PRODUCT_BUNDLE_IDENTIFIER = "cristianbanarescu.SwiftUI-SearchBarTests";
				PRODUCT_NAME = "$(TARGET_NAME)";
				SWIFT_EMIT_LOC_STRINGS = NO;
				SWIFT_VERSION = 5.0;
				TARGETED_DEVICE_FAMILY = "1,2";
				TEST_HOST = "$(BUILT_PRODUCTS_DIR)/SwiftUI-SearchBar.app/$(BUNDLE_EXECUTABLE_FOLDER_PATH)/SwiftUI-SearchBar";
			};
			name = Debug;
		};
		ECD285612C2028B400549452 /* Release */ = {
			isa = XCBuildConfiguration;
			buildSettings = {
				BUNDLE_LOADER = "$(TEST_HOST)";
				CODE_SIGN_STYLE = Automatic;
				CURRENT_PROJECT_VERSION = 1;
				GENERATE_INFOPLIST_FILE = YES;
				IPHONEOS_DEPLOYMENT_TARGET = 18.0;
				MARKETING_VERSION = 1.0;
				PRODUCT_BUNDLE_IDENTIFIER = "cristianbanarescu.SwiftUI-SearchBarTests";
				PRODUCT_NAME = "$(TARGET_NAME)";
				SWIFT_EMIT_LOC_STRINGS = NO;
				SWIFT_VERSION = 5.0;
				TARGETED_DEVICE_FAMILY = "1,2";
				TEST_HOST = "$(BUILT_PRODUCTS_DIR)/SwiftUI-SearchBar.app/$(BUNDLE_EXECUTABLE_FOLDER_PATH)/SwiftUI-SearchBar";
			};
			name = Release;
		};
		ECD285632C2028B400549452 /* Debug */ = {
			isa = XCBuildConfiguration;
			buildSettings = {
				CODE_SIGN_STYLE = Automatic;
				CURRENT_PROJECT_VERSION = 1;
				GENERATE_INFOPLIST_FILE = YES;
				MARKETING_VERSION = 1.0;
				PRODUCT_BUNDLE_IDENTIFIER = "cristianbanarescu.SwiftUI-SearchBarUITests";
				PRODUCT_NAME = "$(TARGET_NAME)";
				SWIFT_EMIT_LOC_STRINGS = NO;
				SWIFT_VERSION = 5.0;
				TARGETED_DEVICE_FAMILY = "1,2";
				TEST_TARGET_NAME = "SwiftUI-SearchBar";
			};
			name = Debug;
		};
		ECD285642C2028B400549452 /* Release */ = {
			isa = XCBuildConfiguration;
			buildSettings = {
				CODE_SIGN_STYLE = Automatic;
				CURRENT_PROJECT_VERSION = 1;
				GENERATE_INFOPLIST_FILE = YES;
				MARKETING_VERSION = 1.0;
				PRODUCT_BUNDLE_IDENTIFIER = "cristianbanarescu.SwiftUI-SearchBarUITests";
				PRODUCT_NAME = "$(TARGET_NAME)";
				SWIFT_EMIT_LOC_STRINGS = NO;
				SWIFT_VERSION = 5.0;
				TARGETED_DEVICE_FAMILY = "1,2";
				TEST_TARGET_NAME = "SwiftUI-SearchBar";
			};
			name = Release;
		};
/* End XCBuildConfiguration section */

/* Begin XCConfigurationList section */
		ECD285332C2028B200549452 /* Build configuration list for PBXProject "SwiftUI-SearchBar" */ = {
			isa = XCConfigurationList;
			buildConfigurations = (
				ECD2855A2C2028B400549452 /* Debug */,
				ECD2855B2C2028B400549452 /* Release */,
			);
			defaultConfigurationIsVisible = 0;
			defaultConfigurationName = Release;
		};
		ECD2855C2C2028B400549452 /* Build configuration list for PBXNativeTarget "SwiftUI-SearchBar" */ = {
			isa = XCConfigurationList;
			buildConfigurations = (
				ECD2855D2C2028B400549452 /* Debug */,
				ECD2855E2C2028B400549452 /* Release */,
			);
			defaultConfigurationIsVisible = 0;
			defaultConfigurationName = Release;
		};
		ECD2855F2C2028B400549452 /* Build configuration list for PBXNativeTarget "SwiftUI-SearchBarTests" */ = {
			isa = XCConfigurationList;
			buildConfigurations = (
				ECD285602C2028B400549452 /* Debug */,
				ECD285612C2028B400549452 /* Release */,
			);
			defaultConfigurationIsVisible = 0;
			defaultConfigurationName = Release;
		};
		ECD285622C2028B400549452 /* Build configuration list for PBXNativeTarget "SwiftUI-SearchBarUITests" */ = {
			isa = XCConfigurationList;
			buildConfigurations = (
				ECD285632C2028B400549452 /* Debug */,
				ECD285642C2028B400549452 /* Release */,
			);
			defaultConfigurationIsVisible = 0;
			defaultConfigurationName = Release;
		};
/* End XCConfigurationList section */
	};
	rootObject = ECD285302C2028B200549452 /* Project object */;
}
