// !$*UTF8*$!
{
	archiveVersion = 1;
	classes = {
	};
	objectVersion = 60;
	objects = {

/* Begin PBXBuildFile section */
		ECD285042C20198800549452 /* SwiftUI_PhotoPickerApp.swift in Sources */ = {isa = PBXBuildFile; fileRef = ECD285032C20198800549452 /* SwiftUI_PhotoPickerApp.swift */; };
		ECD285062C20198800549452 /* ContentView.swift in Sources */ = {isa = PBXBuildFile; fileRef = ECD285052C20198800549452 /* ContentView.swift */; };
		ECD285082C20198900549452 /* Assets.xcassets in Resources */ = {isa = PBXBuildFile; fileRef = ECD285072C20198900549452 /* Assets.xcassets */; };
		ECD2850B2C20198900549452 /* Preview Assets.xcassets in Resources */ = {isa = PBXBuildFile; fileRef = ECD2850A2C20198900549452 /* Preview Assets.xcassets */; };
		ECD2852E2C2019F500549452 /* PhotoPickerView.swift in Sources */ = {isa = PBXBuildFile; fileRef = ECD2852D2C2019F500549452 /* PhotoPickerView.swift */; };
/* End PBXBuildFile section */

/* Begin PBXContainerItemProxy section */
		ECD285112C20198900549452 /* PBXContainerItemProxy */ = {
			isa = PBXContainerItemProxy;
			containerPortal = ECD284F82C20198800549452 /* Project object */;
			proxyType = 1;
			remoteGlobalIDString = ECD284FF2C20198800549452;
			remoteInfo = "SwiftUI-PhotoPicker";
		};
		ECD2851B2C20198900549452 /* PBXContainerItemProxy */ = {
			isa = PBXContainerItemProxy;
			containerPortal = ECD284F82C20198800549452 /* Project object */;
			proxyType = 1;
			remoteGlobalIDString = ECD284FF2C20198800549452;
			remoteInfo = "SwiftUI-PhotoPicker";
		};
/* End PBXContainerItemProxy section */

/* Begin PBXFileReference section */
		ECD285002C20198800549452 /* SwiftUI-PhotoPicker.app */ = {isa = PBXFileReference; explicitFileType = wrapper.application; includeInIndex = 0; path = "SwiftUI-PhotoPicker.app"; sourceTree = BUILT_PRODUCTS_DIR; };
		ECD285032C20198800549452 /* SwiftUI_PhotoPickerApp.swift */ = {isa = PBXFileReference; lastKnownFileType = sourcecode.swift; path = SwiftUI_PhotoPickerApp.swift; sourceTree = "<group>"; };
		ECD285052C20198800549452 /* ContentView.swift */ = {isa = PBXFileReference; lastKnownFileType = sourcecode.swift; path = ContentView.swift; sourceTree = "<group>"; };
		ECD285072C20198900549452 /* Assets.xcassets */ = {isa = PBXFileReference; lastKnownFileType = folder.assetcatalog; path = Assets.xcassets; sourceTree = "<group>"; };
		ECD2850A2C20198900549452 /* Preview Assets.xcassets */ = {isa = PBXFileReference; lastKnownFileType = folder.assetcatalog; path = "Preview Assets.xcassets"; sourceTree = "<group>"; };
		ECD285102C20198900549452 /* SwiftUI-PhotoPickerTests.xctest */ = {isa = PBXFileReference; explicitFileType = wrapper.cfbundle; includeInIndex = 0; path = "SwiftUI-PhotoPickerTests.xctest"; sourceTree = BUILT_PRODUCTS_DIR; };
		ECD2851A2C20198900549452 /* SwiftUI-PhotoPickerUITests.xctest */ = {isa = PBXFileReference; explicitFileType = wrapper.cfbundle; includeInIndex = 0; path = "SwiftUI-PhotoPickerUITests.xctest"; sourceTree = BUILT_PRODUCTS_DIR; };
		ECD2852D2C2019F500549452 /* PhotoPickerView.swift */ = {isa = PBXFileReference; lastKnownFileType = sourcecode.swift; path = PhotoPickerView.swift; sourceTree = "<group>"; };
/* End PBXFileReference section */

/* Begin PBXFrameworksBuildPhase section */
		ECD284FD2C20198800549452 /* Frameworks */ = {
			isa = PBXFrameworksBuildPhase;
			buildActionMask = 2147483647;
			files = (
			);
			runOnlyForDeploymentPostprocessing = 0;
		};
		ECD2850D2C20198900549452 /* Frameworks */ = {
			isa = PBXFrameworksBuildPhase;
			buildActionMask = 2147483647;
			files = (
			);
			runOnlyForDeploymentPostprocessing = 0;
		};
		ECD285172C20198900549452 /* Frameworks */ = {
			isa = PBXFrameworksBuildPhase;
			buildActionMask = 2147483647;
			files = (
			);
			runOnlyForDeploymentPostprocessing = 0;
		};
/* End PBXFrameworksBuildPhase section */

/* Begin PBXGroup section */
		ECD284F72C20198800549452 = {
			isa = PBXGroup;
			children = (
				ECD285022C20198800549452 /* SwiftUI-PhotoPicker */,
				ECD285012C20198800549452 /* Products */,
			);
			sourceTree = "<group>";
		};
		ECD285012C20198800549452 /* Products */ = {
			isa = PBXGroup;
			children = (
				ECD285002C20198800549452 /* SwiftUI-PhotoPicker.app */,
				ECD285102C20198900549452 /* SwiftUI-PhotoPickerTests.xctest */,
				ECD2851A2C20198900549452 /* SwiftUI-PhotoPickerUITests.xctest */,
			);
			name = Products;
			sourceTree = "<group>";
		};
		ECD285022C20198800549452 /* SwiftUI-PhotoPicker */ = {
			isa = PBXGroup;
			children = (
				ECD285032C20198800549452 /* SwiftUI_PhotoPickerApp.swift */,
				ECD285052C20198800549452 /* ContentView.swift */,
				ECD2852D2C2019F500549452 /* PhotoPickerView.swift */,
				ECD285072C20198900549452 /* Assets.xcassets */,
				ECD285092C20198900549452 /* Preview Content */,
			);
			path = "SwiftUI-PhotoPicker";
			sourceTree = "<group>";
		};
		ECD285092C20198900549452 /* Preview Content */ = {
			isa = PBXGroup;
			children = (
				ECD2850A2C20198900549452 /* Preview Assets.xcassets */,
			);
			path = "Preview Content";
			sourceTree = "<group>";
		};
/* End PBXGroup section */

/* Begin PBXNativeTarget section */
		ECD284FF2C20198800549452 /* SwiftUI-PhotoPicker */ = {
			isa = PBXNativeTarget;
			buildConfigurationList = ECD285242C20198900549452 /* Build configuration list for PBXNativeTarget "SwiftUI-PhotoPicker" */;
			buildPhases = (
				ECD284FC2C20198800549452 /* Sources */,
				ECD284FD2C20198800549452 /* Frameworks */,
				ECD284FE2C20198800549452 /* Resources */,
			);
			buildRules = (
			);
			dependencies = (
			);
			name = "SwiftUI-PhotoPicker";
			productName = "SwiftUI-PhotoPicker";
			productReference = ECD285002C20198800549452 /* SwiftUI-PhotoPicker.app */;
			productType = "com.apple.product-type.application";
		};
		ECD2850F2C20198900549452 /* SwiftUI-PhotoPickerTests */ = {
			isa = PBXNativeTarget;
			buildConfigurationList = ECD285272C20198900549452 /* Build configuration list for PBXNativeTarget "SwiftUI-PhotoPickerTests" */;
			buildPhases = (
				ECD2850C2C20198900549452 /* Sources */,
				ECD2850D2C20198900549452 /* Frameworks */,
				ECD2850E2C20198900549452 /* Resources */,
			);
			buildRules = (
			);
			dependencies = (
				ECD285122C20198900549452 /* PBXTargetDependency */,
			);
			name = "SwiftUI-PhotoPickerTests";
			productName = "SwiftUI-PhotoPickerTests";
			productReference = ECD285102C20198900549452 /* SwiftUI-PhotoPickerTests.xctest */;
			productType = "com.apple.product-type.bundle.unit-test";
		};
		ECD285192C20198900549452 /* SwiftUI-PhotoPickerUITests */ = {
			isa = PBXNativeTarget;
			buildConfigurationList = ECD2852A2C20198900549452 /* Build configuration list for PBXNativeTarget "SwiftUI-PhotoPickerUITests" */;
			buildPhases = (
				ECD285162C20198900549452 /* Sources */,
				ECD285172C20198900549452 /* Frameworks */,
				ECD285182C20198900549452 /* Resources */,
			);
			buildRules = (
			);
			dependencies = (
				ECD2851C2C20198900549452 /* PBXTargetDependency */,
			);
			name = "SwiftUI-PhotoPickerUITests";
			productName = "SwiftUI-PhotoPickerUITests";
			productReference = ECD2851A2C20198900549452 /* SwiftUI-PhotoPickerUITests.xctest */;
			productType = "com.apple.product-type.bundle.ui-testing";
		};
/* End PBXNativeTarget section */

/* Begin PBXProject section */
		ECD284F82C20198800549452 /* Project object */ = {
			isa = PBXProject;
			attributes = {
				BuildIndependentTargetsInParallel = 1;
				LastSwiftUpdateCheck = 1600;
				LastUpgradeCheck = 1600;
				TargetAttributes = {
					ECD284FF2C20198800549452 = {
						CreatedOnToolsVersion = 16.0;
					};
					ECD2850F2C20198900549452 = {
						CreatedOnToolsVersion = 16.0;
						TestTargetID = ECD284FF2C20198800549452;
					};
					ECD285192C20198900549452 = {
						CreatedOnToolsVersion = 16.0;
						TestTargetID = ECD284FF2C20198800549452;
					};
				};
			};
			buildConfigurationList = ECD284FB2C20198800549452 /* Build configuration list for PBXProject "SwiftUI-PhotoPicker" */;
			compatibilityVersion = "Xcode 15.0";
			developmentRegion = en;
			hasScannedForEncodings = 0;
			knownRegions = (
				en,
				Base,
			);
			mainGroup = ECD284F72C20198800549452;
			productRefGroup = ECD285012C20198800549452 /* Products */;
			projectDirPath = "";
			projectRoot = "";
			targets = (
				ECD284FF2C20198800549452 /* SwiftUI-PhotoPicker */,
				ECD2850F2C20198900549452 /* SwiftUI-PhotoPickerTests */,
				ECD285192C20198900549452 /* SwiftUI-PhotoPickerUITests */,
			);
		};
/* End PBXProject section */

/* Begin PBXResourcesBuildPhase section */
		ECD284FE2C20198800549452 /* Resources */ = {
			isa = PBXResourcesBuildPhase;
			buildActionMask = 2147483647;
			files = (
				ECD2850B2C20198900549452 /* Preview Assets.xcassets in Resources */,
				ECD285082C20198900549452 /* Assets.xcassets in Resources */,
			);
			runOnlyForDeploymentPostprocessing = 0;
		};
		ECD2850E2C20198900549452 /* Resources */ = {
			isa = PBXResourcesBuildPhase;
			buildActionMask = 2147483647;
			files = (
			);
			runOnlyForDeploymentPostprocessing = 0;
		};
		ECD285182C20198900549452 /* Resources */ = {
			isa = PBXResourcesBuildPhase;
			buildActionMask = 2147483647;
			files = (
			);
			runOnlyForDeploymentPostprocessing = 0;
		};
/* End PBXResourcesBuildPhase section */

/* Begin PBXSourcesBuildPhase section */
		ECD284FC2C20198800549452 /* Sources */ = {
			isa = PBXSourcesBuildPhase;
			buildActionMask = 2147483647;
			files = (
				ECD285062C20198800549452 /* ContentView.swift in Sources */,
				ECD2852E2C2019F500549452 /* PhotoPickerView.swift in Sources */,
				ECD285042C20198800549452 /* SwiftUI_PhotoPickerApp.swift in Sources */,
			);
			runOnlyForDeploymentPostprocessing = 0;
		};
		ECD2850C2C20198900549452 /* Sources */ = {
			isa = PBXSourcesBuildPhase;
			buildActionMask = 2147483647;
			files = (
			);
			runOnlyForDeploymentPostprocessing = 0;
		};
		ECD285162C20198900549452 /* Sources */ = {
			isa = PBXSourcesBuildPhase;
			buildActionMask = 2147483647;
			files = (
			);
			runOnlyForDeploymentPostprocessing = 0;
		};
/* End PBXSourcesBuildPhase section */

/* Begin PBXTargetDependency section */
		ECD285122C20198900549452 /* PBXTargetDependency */ = {
			isa = PBXTargetDependency;
			target = ECD284FF2C20198800549452 /* SwiftUI-PhotoPicker */;
			targetProxy = ECD285112C20198900549452 /* PBXContainerItemProxy */;
		};
		ECD2851C2C20198900549452 /* PBXTargetDependency */ = {
			isa = PBXTargetDependency;
			target = ECD284FF2C20198800549452 /* SwiftUI-PhotoPicker */;
			targetProxy = ECD2851B2C20198900549452 /* PBXContainerItemProxy */;
		};
/* End PBXTargetDependency section */

/* Begin XCBuildConfiguration section */
		ECD285222C20198900549452 /* Debug */ = {
			isa = XCBuildConfiguration;
			buildSettings = {
				ALWAYS_SEARCH_USER_PATHS = NO;
				ASSETCATALOG_COMPILER_GENERATE_SWIFT_ASSET_SYMBOL_EXTENSIONS = YES;
				CLANG_ANALYZER_NONNULL = YES;
				CLANG_ANALYZER_NUMBER_OBJECT_CONVERSION = YES_AGGRESSIVE;
				CLANG_CXX_LANGUAGE_STANDARD = "gnu++20";
				CLANG_ENABLE_MODULES = YES;
				CLANG_ENABLE_OBJC_ARC = YES;
				CLANG_ENABLE_OBJC_WEAK = YES;
				CLANG_WARN_BLOCK_CAPTURE_AUTORELEASING = YES;
				CLANG_WARN_BOOL_CONVERSION = YES;
				CLANG_WARN_COMMA = YES;
				CLANG_WARN_CONSTANT_CONVERSION = YES;
				CLANG_WARN_DEPRECATED_OBJC_IMPLEMENTATIONS = YES;
				CLANG_WARN_DIRECT_OBJC_ISA_USAGE = YES_ERROR;
				CLANG_WARN_DOCUMENTATION_COMMENTS = YES;
				CLANG_WARN_EMPTY_BODY = YES;
				CLANG_WARN_ENUM_CONVERSION = YES;
				CLANG_WARN_INFINITE_RECURSION = YES;
				CLANG_WARN_INT_CONVERSION = YES;
				CLANG_WARN_NON_LITERAL_NULL_CONVERSION = YES;
				CLANG_WARN_OBJC_IMPLICIT_RETAIN_SELF = YES;
				CLANG_WARN_OBJC_LITERAL_CONVERSION = YES;
				CLANG_WARN_OBJC_ROOT_CLASS = YES_ERROR;
				CLANG_WARN_QUOTED_INCLUDE_IN_FRAMEWORK_HEADER = YES;
				CLANG_WARN_RANGE_LOOP_ANALYSIS = YES;
				CLANG_WARN_STRICT_PROTOTYPES = YES;
				CLANG_WARN_SUSPICIOUS_MOVE = YES;
				CLANG_WARN_UNGUARDED_AVAILABILITY = YES_AGGRESSIVE;
				CLANG_WARN_UNREACHABLE_CODE = YES;
				CLANG_WARN__DUPLICATE_METHOD_MATCH = YES;
				COPY_PHASE_STRIP = NO;
				DEBUG_INFORMATION_FORMAT = dwarf;
				ENABLE_STRICT_OBJC_MSGSEND = YES;
				ENABLE_TESTABILITY = YES;
				ENABLE_USER_SCRIPT_SANDBOXING = YES;
				GCC_C_LANGUAGE_STANDARD = gnu17;
				GCC_DYNAMIC_NO_PIC = NO;
				GCC_NO_COMMON_BLOCKS = YES;
				GCC_OPTIMIZATION_LEVEL = 0;
				GCC_PREPROCESSOR_DEFINITIONS = (
					"DEBUG=1",
					"$(inherited)",
				);
				GCC_WARN_64_TO_32_BIT_CONVERSION = YES;
				GCC_WARN_ABOUT_RETURN_TYPE = YES_ERROR;
				GCC_WARN_UNDECLARED_SELECTOR = YES;
				GCC_WARN_UNINITIALIZED_AUTOS = YES_AGGRESSIVE;
				GCC_WARN_UNUSED_FUNCTION = YES;
				GCC_WARN_UNUSED_VARIABLE = YES;
				IPHONEOS_DEPLOYMENT_TARGET = 18.0;
				LOCALIZATION_PREFERS_STRING_CATALOGS = YES;
				MTL_ENABLE_DEBUG_INFO = INCLUDE_SOURCE;
				MTL_FAST_MATH = YES;
				ONLY_ACTIVE_ARCH = YES;
				SDKROOT = iphoneos;
				SWIFT_ACTIVE_COMPILATION_CONDITIONS = "DEBUG $(inherited)";
				SWIFT_OPTIMIZATION_LEVEL = "-Onone";
			};
			name = Debug;
		};
		ECD285232C20198900549452 /* Release */ = {
			isa = XCBuildConfiguration;
			buildSettings = {
				ALWAYS_SEARCH_USER_PATHS = NO;
				ASSETCATALOG_COMPILER_GENERATE_SWIFT_ASSET_SYMBOL_EXTENSIONS = YES;
				CLANG_ANALYZER_NONNULL = YES;
				CLANG_ANALYZER_NUMBER_OBJECT_CONVERSION = YES_AGGRESSIVE;
				CLANG_CXX_LANGUAGE_STANDARD = "gnu++20";
				CLANG_ENABLE_MODULES = YES;
				CLANG_ENABLE_OBJC_ARC = YES;
				CLANG_ENABLE_OBJC_WEAK = YES;
				CLANG_WARN_BLOCK_CAPTURE_AUTORELEASING = YES;
				CLANG_WARN_BOOL_CONVERSION = YES;
				CLANG_WARN_COMMA = YES;
				CLANG_WARN_CONSTANT_CONVERSION = YES;
				CLANG_WARN_DEPRECATED_OBJC_IMPLEMENTATIONS = YES;
				CLANG_WARN_DIRECT_OBJC_ISA_USAGE = YES_ERROR;
				CLANG_WARN_DOCUMENTATION_COMMENTS = YES;
				CLANG_WARN_EMPTY_BODY = YES;
				CLANG_WARN_ENUM_CONVERSION = YES;
				CLANG_WARN_INFINITE_RECURSION = YES;
				CLANG_WARN_INT_CONVERSION = YES;
				CLANG_WARN_NON_LITERAL_NULL_CONVERSION = YES;
				CLANG_WARN_OBJC_IMPLICIT_RETAIN_SELF = YES;
				CLANG_WARN_OBJC_LITERAL_CONVERSION = YES;
				CLANG_WARN_OBJC_ROOT_CLASS = YES_ERROR;
				CLANG_WARN_QUOTED_INCLUDE_IN_FRAMEWORK_HEADER = YES;
				CLANG_WARN_RANGE_LOOP_ANALYSIS = YES;
				CLANG_WARN_STRICT_PROTOTYPES = YES;
				CLANG_WARN_SUSPICIOUS_MOVE = YES;
				CLANG_WARN_UNGUARDED_AVAILABILITY = YES_AGGRESSIVE;
				CLANG_WARN_UNREACHABLE_CODE = YES;
				CLANG_WARN__DUPLICATE_METHOD_MATCH = YES;
				COPY_PHASE_STRIP = NO;
				DEBUG_INFORMATION_FORMAT = "dwarf-with-dsym";
				ENABLE_NS_ASSERTIONS = NO;
				ENABLE_STRICT_OBJC_MSGSEND = YES;
				ENABLE_USER_SCRIPT_SANDBOXING = YES;
				GCC_C_LANGUAGE_STANDARD = gnu17;
				GCC_NO_COMMON_BLOCKS = YES;
				GCC_WARN_64_TO_32_BIT_CONVERSION = YES;
				GCC_WARN_ABOUT_RETURN_TYPE = YES_ERROR;
				GCC_WARN_UNDECLARED_SELECTOR = YES;
				GCC_WARN_UNINITIALIZED_AUTOS = YES_AGGRESSIVE;
				GCC_WARN_UNUSED_FUNCTION = YES;
				GCC_WARN_UNUSED_VARIABLE = YES;
				IPHONEOS_DEPLOYMENT_TARGET = 18.0;
				LOCALIZATION_PREFERS_STRING_CATALOGS = YES;
				MTL_ENABLE_DEBUG_INFO = NO;
				MTL_FAST_MATH = YES;
				SDKROOT = iphoneos;
				SWIFT_COMPILATION_MODE = wholemodule;
				VALIDATE_PRODUCT = YES;
			};
			name = Release;
		};
		ECD285252C20198900549452 /* Debug */ = {
			isa = XCBuildConfiguration;
			buildSettings = {
				ASSETCATALOG_COMPILER_APPICON_NAME = AppIcon;
				ASSETCATALOG_COMPILER_GLOBAL_ACCENT_COLOR_NAME = AccentColor;
				CODE_SIGN_STYLE = Automatic;
				CURRENT_PROJECT_VERSION = 1;
				DEVELOPMENT_ASSET_PATHS = "\"SwiftUI-PhotoPicker/Preview Content\"";
				ENABLE_PREVIEWS = YES;
				GENERATE_INFOPLIST_FILE = YES;
				INFOPLIST_KEY_UIApplicationSceneManifest_Generation = YES;
				INFOPLIST_KEY_UIApplicationSupportsIndirectInputEvents = YES;
				INFOPLIST_KEY_UILaunchScreen_Generation = YES;
				INFOPLIST_KEY_UISupportedInterfaceOrientations_iPad = "UIInterfaceOrientationPortrait UIInterfaceOrientationPortraitUpsideDown UIInterfaceOrientationLandscapeLeft UIInterfaceOrientationLandscapeRight";
				INFOPLIST_KEY_UISupportedInterfaceOrientations_iPhone = "UIInterfaceOrientationPortrait UIInterfaceOrientationLandscapeLeft UIInterfaceOrientationLandscapeRight";
				LD_RUNPATH_SEARCH_PATHS = (
					"$(inherited)",
					"@executable_path/Frameworks",
				);
				MARKETING_VERSION = 1.0;
				PRODUCT_BUNDLE_IDENTIFIER = "cristianbanarescu.SwiftUI-PhotoPicker";
				PRODUCT_NAME = "$(TARGET_NAME)";
				SWIFT_EMIT_LOC_STRINGS = YES;
				SWIFT_VERSION = 5.0;
				TARGETED_DEVICE_FAMILY = "1,2";
			};
			name = Debug;
		};
		ECD285262C20198900549452 /* Release */ = {
			isa = XCBuildConfiguration;
			buildSettings = {
				ASSETCATALOG_COMPILER_APPICON_NAME = AppIcon;
				ASSETCATALOG_COMPILER_GLOBAL_ACCENT_COLOR_NAME = AccentColor;
				CODE_SIGN_STYLE = Automatic;
				CURRENT_PROJECT_VERSION = 1;
				DEVELOPMENT_ASSET_PATHS = "\"SwiftUI-PhotoPicker/Preview Content\"";
				ENABLE_PREVIEWS = YES;
				GENERATE_INFOPLIST_FILE = YES;
				INFOPLIST_KEY_UIApplicationSceneManifest_Generation = YES;
				INFOPLIST_KEY_UIApplicationSupportsIndirectInputEvents = YES;
				INFOPLIST_KEY_UILaunchScreen_Generation = YES;
				INFOPLIST_KEY_UISupportedInterfaceOrientations_iPad = "UIInterfaceOrientationPortrait UIInterfaceOrientationPortraitUpsideDown UIInterfaceOrientationLandscapeLeft UIInterfaceOrientationLandscapeRight";
				INFOPLIST_KEY_UISupportedInterfaceOrientations_iPhone = "UIInterfaceOrientationPortrait UIInterfaceOrientationLandscapeLeft UIInterfaceOrientationLandscapeRight";
				LD_RUNPATH_SEARCH_PATHS = (
					"$(inherited)",
					"@executable_path/Frameworks",
				);
				MARKETING_VERSION = 1.0;
				PRODUCT_BUNDLE_IDENTIFIER = "cristianbanarescu.SwiftUI-PhotoPicker";
				PRODUCT_NAME = "$(TARGET_NAME)";
				SWIFT_EMIT_LOC_STRINGS = YES;
				SWIFT_VERSION = 5.0;
				TARGETED_DEVICE_FAMILY = "1,2";
			};
			name = Release;
		};
		ECD285282C20198900549452 /* Debug */ = {
			isa = XCBuildConfiguration;
			buildSettings = {
				BUNDLE_LOADER = "$(TEST_HOST)";
				CODE_SIGN_STYLE = Automatic;
				CURRENT_PROJECT_VERSION = 1;
				GENERATE_INFOPLIST_FILE = YES;
				IPHONEOS_DEPLOYMENT_TARGET = 18.0;
				MARKETING_VERSION = 1.0;
				PRODUCT_BUNDLE_IDENTIFIER = "cristianbanarescu.SwiftUI-PhotoPickerTests";
				PRODUCT_NAME = "$(TARGET_NAME)";
				SWIFT_EMIT_LOC_STRINGS = NO;
				SWIFT_VERSION = 5.0;
				TARGETED_DEVICE_FAMILY = "1,2";
				TEST_HOST = "$(BUILT_PRODUCTS_DIR)/SwiftUI-PhotoPicker.app/$(BUNDLE_EXECUTABLE_FOLDER_PATH)/SwiftUI-PhotoPicker";
			};
			name = Debug;
		};
		ECD285292C20198900549452 /* Release */ = {
			isa = XCBuildConfiguration;
			buildSettings = {
				BUNDLE_LOADER = "$(TEST_HOST)";
				CODE_SIGN_STYLE = Automatic;
				CURRENT_PROJECT_VERSION = 1;
				GENERATE_INFOPLIST_FILE = YES;
				IPHONEOS_DEPLOYMENT_TARGET = 18.0;
				MARKETING_VERSION = 1.0;
				PRODUCT_BUNDLE_IDENTIFIER = "cristianbanarescu.SwiftUI-PhotoPickerTests";
				PRODUCT_NAME = "$(TARGET_NAME)";
				SWIFT_EMIT_LOC_STRINGS = NO;
				SWIFT_VERSION = 5.0;
				TARGETED_DEVICE_FAMILY = "1,2";
				TEST_HOST = "$(BUILT_PRODUCTS_DIR)/SwiftUI-PhotoPicker.app/$(BUNDLE_EXECUTABLE_FOLDER_PATH)/SwiftUI-PhotoPicker";
			};
			name = Release;
		};
		ECD2852B2C20198900549452 /* Debug */ = {
			isa = XCBuildConfiguration;
			buildSettings = {
				CODE_SIGN_STYLE = Automatic;
				CURRENT_PROJECT_VERSION = 1;
				GENERATE_INFOPLIST_FILE = YES;
				MARKETING_VERSION = 1.0;
				PRODUCT_BUNDLE_IDENTIFIER = "cristianbanarescu.SwiftUI-PhotoPickerUITests";
				PRODUCT_NAME = "$(TARGET_NAME)";
				SWIFT_EMIT_LOC_STRINGS = NO;
				SWIFT_VERSION = 5.0;
				TARGETED_DEVICE_FAMILY = "1,2";
				TEST_TARGET_NAME = "SwiftUI-PhotoPicker";
			};
			name = Debug;
		};
		ECD2852C2C20198900549452 /* Release */ = {
			isa = XCBuildConfiguration;
			buildSettings = {
				CODE_SIGN_STYLE = Automatic;
				CURRENT_PROJECT_VERSION = 1;
				GENERATE_INFOPLIST_FILE = YES;
				MARKETING_VERSION = 1.0;
				PRODUCT_BUNDLE_IDENTIFIER = "cristianbanarescu.SwiftUI-PhotoPickerUITests";
				PRODUCT_NAME = "$(TARGET_NAME)";
				SWIFT_EMIT_LOC_STRINGS = NO;
				SWIFT_VERSION = 5.0;
				TARGETED_DEVICE_FAMILY = "1,2";
				TEST_TARGET_NAME = "SwiftUI-PhotoPicker";
			};
			name = Release;
		};
/* End XCBuildConfiguration section */

/* Begin XCConfigurationList section */
		ECD284FB2C20198800549452 /* Build configuration list for PBXProject "SwiftUI-PhotoPicker" */ = {
			isa = XCConfigurationList;
			buildConfigurations = (
				ECD285222C20198900549452 /* Debug */,
				ECD285232C20198900549452 /* Release */,
			);
			defaultConfigurationIsVisible = 0;
			defaultConfigurationName = Release;
		};
		ECD285242C20198900549452 /* Build configuration list for PBXNativeTarget "SwiftUI-PhotoPicker" */ = {
			isa = XCConfigurationList;
			buildConfigurations = (
				ECD285252C20198900549452 /* Debug */,
				ECD285262C20198900549452 /* Release */,
			);
			defaultConfigurationIsVisible = 0;
			defaultConfigurationName = Release;
		};
		ECD285272C20198900549452 /* Build configuration list for PBXNativeTarget "SwiftUI-PhotoPickerTests" */ = {
			isa = XCConfigurationList;
			buildConfigurations = (
				ECD285282C20198900549452 /* Debug */,
				ECD285292C20198900549452 /* Release */,
			);
			defaultConfigurationIsVisible = 0;
			defaultConfigurationName = Release;
		};
		ECD2852A2C20198900549452 /* Build configuration list for PBXNativeTarget "SwiftUI-PhotoPickerUITests" */ = {
			isa = XCConfigurationList;
			buildConfigurations = (
				ECD2852B2C20198900549452 /* Debug */,
				ECD2852C2C20198900549452 /* Release */,
			);
			defaultConfigurationIsVisible = 0;
			defaultConfigurationName = Release;
		};
/* End XCConfigurationList section */
	};
	rootObject = ECD284F82C20198800549452 /* Project object */;
}
