// !$*UTF8*$!
{
	archiveVersion = 1;
	classes = {
	};
	objectVersion = 56;
	objects = {

/* Begin PBXBuildFile section */
		EC57838C29EAFE5B0077D9B0 /* AppDelegate.swift in Sources */ = {isa = PBXBuildFile; fileRef = EC57838B29EAFE5B0077D9B0 /* AppDelegate.swift */; };
		EC57838E29EAFE5B0077D9B0 /* SceneDelegate.swift in Sources */ = {isa = PBXBuildFile; fileRef = EC57838D29EAFE5B0077D9B0 /* SceneDelegate.swift */; };
		EC57839029EAFE5B0077D9B0 /* ViewController.swift in Sources */ = {isa = PBXBuildFile; fileRef = EC57838F29EAFE5B0077D9B0 /* ViewController.swift */; };
		EC57839329EAFE5B0077D9B0 /* Main.storyboard in Resources */ = {isa = PBXBuildFile; fileRef = EC57839129EAFE5B0077D9B0 /* Main.storyboard */; };
		EC57839529EAFE5C0077D9B0 /* Assets.xcassets in Resources */ = {isa = PBXBuildFile; fileRef = EC57839429EAFE5C0077D9B0 /* Assets.xcassets */; };
		EC57839829EAFE5C0077D9B0 /* LaunchScreen.storyboard in Resources */ = {isa = PBXBuildFile; fileRef = EC57839629EAFE5C0077D9B0 /* LaunchScreen.storyboard */; };
		EC5783A029EAFE730077D9B0 /* README.md in Resources */ = {isa = PBXBuildFile; fileRef = EC57839F29EAFE730077D9B0 /* README.md */; };
		EC5783A229EB02780077D9B0 /* TableViewController.swift in Sources */ = {isa = PBXBuildFile; fileRef = EC5783A129EB02780077D9B0 /* TableViewController.swift */; };
		EC5783A529EB03F20077D9B0 /* CustomTableViewCell.swift in Sources */ = {isa = PBXBuildFile; fileRef = EC5783A329EB03F20077D9B0 /* CustomTableViewCell.swift */; };
		EC5783A629EB03F20077D9B0 /* CustomTableViewCell.xib in Resources */ = {isa = PBXBuildFile; fileRef = EC5783A429EB03F20077D9B0 /* CustomTableViewCell.xib */; };
/* End PBXBuildFile section */

/* Begin PBXFileReference section */
		EC57838829EAFE5B0077D9B0 /* TableViewUIKitDemo.app */ = {isa = PBXFileReference; explicitFileType = wrapper.application; includeInIndex = 0; path = TableViewUIKitDemo.app; sourceTree = BUILT_PRODUCTS_DIR; };
		EC57838B29EAFE5B0077D9B0 /* AppDelegate.swift */ = {isa = PBXFileReference; lastKnownFileType = sourcecode.swift; path = AppDelegate.swift; sourceTree = "<group>"; };
		EC57838D29EAFE5B0077D9B0 /* SceneDelegate.swift */ = {isa = PBXFileReference; lastKnownFileType = sourcecode.swift; path = SceneDelegate.swift; sourceTree = "<group>"; };
		EC57838F29EAFE5B0077D9B0 /* ViewController.swift */ = {isa = PBXFileReference; lastKnownFileType = sourcecode.swift; path = ViewController.swift; sourceTree = "<group>"; };
		EC57839229EAFE5B0077D9B0 /* Base */ = {isa = PBXFileReference; lastKnownFileType = file.storyboard; name = Base; path = Base.lproj/Main.storyboard; sourceTree = "<group>"; };
		EC57839429EAFE5C0077D9B0 /* Assets.xcassets */ = {isa = PBXFileReference; lastKnownFileType = folder.assetcatalog; path = Assets.xcassets; sourceTree = "<group>"; };
		EC57839729EAFE5C0077D9B0 /* Base */ = {isa = PBXFileReference; lastKnownFileType = file.storyboard; name = Base; path = Base.lproj/LaunchScreen.storyboard; sourceTree = "<group>"; };
		EC57839929EAFE5C0077D9B0 /* Info.plist */ = {isa = PBXFileReference; lastKnownFileType = text.plist.xml; path = Info.plist; sourceTree = "<group>"; };
		EC57839F29EAFE730077D9B0 /* README.md */ = {isa = PBXFileReference; lastKnownFileType = net.daringfireball.markdown; path = README.md; sourceTree = "<group>"; };
		EC5783A129EB02780077D9B0 /* TableViewController.swift */ = {isa = PBXFileReference; lastKnownFileType = sourcecode.swift; path = TableViewController.swift; sourceTree = "<group>"; };
		EC5783A329EB03F20077D9B0 /* CustomTableViewCell.swift */ = {isa = PBXFileReference; lastKnownFileType = sourcecode.swift; path = CustomTableViewCell.swift; sourceTree = "<group>"; };
		EC5783A429EB03F20077D9B0 /* CustomTableViewCell.xib */ = {isa = PBXFileReference; lastKnownFileType = file.xib; path = CustomTableViewCell.xib; sourceTree = "<group>"; };
/* End PBXFileReference section */

/* Begin PBXFrameworksBuildPhase section */
		EC57838529EAFE5B0077D9B0 /* Frameworks */ = {
			isa = PBXFrameworksBuildPhase;
			buildActionMask = 2147483647;
			files = (
			);
			runOnlyForDeploymentPostprocessing = 0;
		};
/* End PBXFrameworksBuildPhase section */

/* Begin PBXGroup section */
		EC57837F29EAFE5B0077D9B0 = {
			isa = PBXGroup;
			children = (
				EC57838A29EAFE5B0077D9B0 /* TableViewUIKitDemo */,
				EC57838929EAFE5B0077D9B0 /* Products */,
			);
			sourceTree = "<group>";
		};
		EC57838929EAFE5B0077D9B0 /* Products */ = {
			isa = PBXGroup;
			children = (
				EC57838829EAFE5B0077D9B0 /* TableViewUIKitDemo.app */,
			);
			name = Products;
			sourceTree = "<group>";
		};
		EC57838A29EAFE5B0077D9B0 /* TableViewUIKitDemo */ = {
			isa = PBXGroup;
			children = (
				EC57838B29EAFE5B0077D9B0 /* AppDelegate.swift */,
				EC57839429EAFE5C0077D9B0 /* Assets.xcassets */,
				EC5783A829EB08A60077D9B0 /* Cells */,
				EC57839929EAFE5C0077D9B0 /* Info.plist */,
				EC57839629EAFE5C0077D9B0 /* LaunchScreen.storyboard */,
				EC57839129EAFE5B0077D9B0 /* Main.storyboard */,
				EC57839F29EAFE730077D9B0 /* README.md */,
				EC57838D29EAFE5B0077D9B0 /* SceneDelegate.swift */,
				EC5783A729EB089E0077D9B0 /* ViewControllers */,
			);
			path = TableViewUIKitDemo;
			sourceTree = "<group>";
		};
		EC5783A729EB089E0077D9B0 /* ViewControllers */ = {
			isa = PBXGroup;
			children = (
				EC57838F29EAFE5B0077D9B0 /* ViewController.swift */,
				EC5783A129EB02780077D9B0 /* TableViewController.swift */,
			);
			path = ViewControllers;
			sourceTree = "<group>";
		};
		EC5783A829EB08A60077D9B0 /* Cells */ = {
			isa = PBXGroup;
			children = (
				EC5783A329EB03F20077D9B0 /* CustomTableViewCell.swift */,
				EC5783A429EB03F20077D9B0 /* CustomTableViewCell.xib */,
			);
			path = Cells;
			sourceTree = "<group>";
		};
/* End PBXGroup section */

/* Begin PBXNativeTarget section */
		EC57838729EAFE5B0077D9B0 /* TableViewUIKitDemo */ = {
			isa = PBXNativeTarget;
			buildConfigurationList = EC57839C29EAFE5C0077D9B0 /* Build configuration list for PBXNativeTarget "TableViewUIKitDemo" */;
			buildPhases = (
				EC57838429EAFE5B0077D9B0 /* Sources */,
				EC57838529EAFE5B0077D9B0 /* Frameworks */,
				EC57838629EAFE5B0077D9B0 /* Resources */,
			);
			buildRules = (
			);
			dependencies = (
			);
			name = TableViewUIKitDemo;
			productName = TableViewUIKitDemo;
			productReference = EC57838829EAFE5B0077D9B0 /* TableViewUIKitDemo.app */;
			productType = "com.apple.product-type.application";
		};
/* End PBXNativeTarget section */

/* Begin PBXProject section */
		EC57838029EAFE5B0077D9B0 /* Project object */ = {
			isa = PBXProject;
			attributes = {
				BuildIndependentTargetsInParallel = 1;
				LastSwiftUpdateCheck = 1430;
				LastUpgradeCheck = 1430;
				TargetAttributes = {
					EC57838729EAFE5B0077D9B0 = {
						CreatedOnToolsVersion = 14.3;
					};
				};
			};
			buildConfigurationList = EC57838329EAFE5B0077D9B0 /* Build configuration list for PBXProject "TableViewUIKitDemo" */;
			compatibilityVersion = "Xcode 14.0";
			developmentRegion = en;
			hasScannedForEncodings = 0;
			knownRegions = (
				en,
				Base,
			);
			mainGroup = EC57837F29EAFE5B0077D9B0;
			productRefGroup = EC57838929EAFE5B0077D9B0 /* Products */;
			projectDirPath = "";
			projectRoot = "";
			targets = (
				EC57838729EAFE5B0077D9B0 /* TableViewUIKitDemo */,
			);
		};
/* End PBXProject section */

/* Begin PBXResourcesBuildPhase section */
		EC57838629EAFE5B0077D9B0 /* Resources */ = {
			isa = PBXResourcesBuildPhase;
			buildActionMask = 2147483647;
			files = (
				EC57839829EAFE5C0077D9B0 /* LaunchScreen.storyboard in Resources */,
				EC57839529EAFE5C0077D9B0 /* Assets.xcassets in Resources */,
				EC5783A029EAFE730077D9B0 /* README.md in Resources */,
				EC5783A629EB03F20077D9B0 /* CustomTableViewCell.xib in Resources */,
				EC57839329EAFE5B0077D9B0 /* Main.storyboard in Resources */,
			);
			runOnlyForDeploymentPostprocessing = 0;
		};
/* End PBXResourcesBuildPhase section */

/* Begin PBXSourcesBuildPhase section */
		EC57838429EAFE5B0077D9B0 /* Sources */ = {
			isa = PBXSourcesBuildPhase;
			buildActionMask = 2147483647;
			files = (
				EC57839029EAFE5B0077D9B0 /* ViewController.swift in Sources */,
				EC5783A529EB03F20077D9B0 /* CustomTableViewCell.swift in Sources */,
				EC57838C29EAFE5B0077D9B0 /* AppDelegate.swift in Sources */,
				EC57838E29EAFE5B0077D9B0 /* SceneDelegate.swift in Sources */,
				EC5783A229EB02780077D9B0 /* TableViewController.swift in Sources */,
			);
			runOnlyForDeploymentPostprocessing = 0;
		};
/* End PBXSourcesBuildPhase section */

/* Begin PBXVariantGroup section */
		EC57839129EAFE5B0077D9B0 /* Main.storyboard */ = {
			isa = PBXVariantGroup;
			children = (
				EC57839229EAFE5B0077D9B0 /* Base */,
			);
			name = Main.storyboard;
			sourceTree = "<group>";
		};
		EC57839629EAFE5C0077D9B0 /* LaunchScreen.storyboard */ = {
			isa = PBXVariantGroup;
			children = (
				EC57839729EAFE5C0077D9B0 /* Base */,
			);
			name = LaunchScreen.storyboard;
			sourceTree = "<group>";
		};
/* End PBXVariantGroup section */

/* Begin XCBuildConfiguration section */
		EC57839A29EAFE5C0077D9B0 /* Debug */ = {
			isa = XCBuildConfiguration;
			buildSettings = {
				ALWAYS_SEARCH_USER_PATHS = NO;
				CLANG_ANALYZER_NONNULL = YES;
				CLANG_ANALYZER_NUMBER_OBJECT_CONVERSION = YES_AGGRESSIVE;
				CLANG_CXX_LANGUAGE_STANDARD = "gnu++20";
				CLANG_ENABLE_MODULES = YES;
				CLANG_ENABLE_OBJC_ARC = YES;
				CLANG_ENABLE_OBJC_WEAK = YES;
				CLANG_WARN_BLOCK_CAPTURE_AUTORELEASING = YES;
				CLANG_WARN_BOOL_CONVERSION = YES;
				CLANG_WARN_COMMA = YES;
				CLANG_WARN_CONSTANT_CONVERSION = YES;
				CLANG_WARN_DEPRECATED_OBJC_IMPLEMENTATIONS = YES;
				CLANG_WARN_DIRECT_OBJC_ISA_USAGE = YES_ERROR;
				CLANG_WARN_DOCUMENTATION_COMMENTS = YES;
				CLANG_WARN_EMPTY_BODY = YES;
				CLANG_WARN_ENUM_CONVERSION = YES;
				CLANG_WARN_INFINITE_RECURSION = YES;
				CLANG_WARN_INT_CONVERSION = YES;
				CLANG_WARN_NON_LITERAL_NULL_CONVERSION = YES;
				CLANG_WARN_OBJC_IMPLICIT_RETAIN_SELF = YES;
				CLANG_WARN_OBJC_LITERAL_CONVERSION = YES;
				CLANG_WARN_OBJC_ROOT_CLASS = YES_ERROR;
				CLANG_WARN_QUOTED_INCLUDE_IN_FRAMEWORK_HEADER = YES;
				CLANG_WARN_RANGE_LOOP_ANALYSIS = YES;
				CLANG_WARN_STRICT_PROTOTYPES = YES;
				CLANG_WARN_SUSPICIOUS_MOVE = YES;
				CLANG_WARN_UNGUARDED_AVAILABILITY = YES_AGGRESSIVE;
				CLANG_WARN_UNREACHABLE_CODE = YES;
				CLANG_WARN__DUPLICATE_METHOD_MATCH = YES;
				COPY_PHASE_STRIP = NO;
				DEBUG_INFORMATION_FORMAT = dwarf;
				ENABLE_STRICT_OBJC_MSGSEND = YES;
				ENABLE_TESTABILITY = YES;
				GCC_C_LANGUAGE_STANDARD = gnu11;
				GCC_DYNAMIC_NO_PIC = NO;
				GCC_NO_COMMON_BLOCKS = YES;
				GCC_OPTIMIZATION_LEVEL = 0;
				GCC_PREPROCESSOR_DEFINITIONS = (
					"DEBUG=1",
					"$(inherited)",
				);
				GCC_WARN_64_TO_32_BIT_CONVERSION = YES;
				GCC_WARN_ABOUT_RETURN_TYPE = YES_ERROR;
				GCC_WARN_UNDECLARED_SELECTOR = YES;
				GCC_WARN_UNINITIALIZED_AUTOS = YES_AGGRESSIVE;
				GCC_WARN_UNUSED_FUNCTION = YES;
				GCC_WARN_UNUSED_VARIABLE = YES;
				IPHONEOS_DEPLOYMENT_TARGET = 16.4;
				MTL_ENABLE_DEBUG_INFO = INCLUDE_SOURCE;
				MTL_FAST_MATH = YES;
				ONLY_ACTIVE_ARCH = YES;
				SDKROOT = iphoneos;
				SWIFT_ACTIVE_COMPILATION_CONDITIONS = DEBUG;
				SWIFT_OPTIMIZATION_LEVEL = "-Onone";
			};
			name = Debug;
		};
		EC57839B29EAFE5C0077D9B0 /* Release */ = {
			isa = XCBuildConfiguration;
			buildSettings = {
				ALWAYS_SEARCH_USER_PATHS = NO;
				CLANG_ANALYZER_NONNULL = YES;
				CLANG_ANALYZER_NUMBER_OBJECT_CONVERSION = YES_AGGRESSIVE;
				CLANG_CXX_LANGUAGE_STANDARD = "gnu++20";
				CLANG_ENABLE_MODULES = YES;
				CLANG_ENABLE_OBJC_ARC = YES;
				CLANG_ENABLE_OBJC_WEAK = YES;
				CLANG_WARN_BLOCK_CAPTURE_AUTORELEASING = YES;
				CLANG_WARN_BOOL_CONVERSION = YES;
				CLANG_WARN_COMMA = YES;
				CLANG_WARN_CONSTANT_CONVERSION = YES;
				CLANG_WARN_DEPRECATED_OBJC_IMPLEMENTATIONS = YES;
				CLANG_WARN_DIRECT_OBJC_ISA_USAGE = YES_ERROR;
				CLANG_WARN_DOCUMENTATION_COMMENTS = YES;
				CLANG_WARN_EMPTY_BODY = YES;
				CLANG_WARN_ENUM_CONVERSION = YES;
				CLANG_WARN_INFINITE_RECURSION = YES;
				CLANG_WARN_INT_CONVERSION = YES;
				CLANG_WARN_NON_LITERAL_NULL_CONVERSION = YES;
				CLANG_WARN_OBJC_IMPLICIT_RETAIN_SELF = YES;
				CLANG_WARN_OBJC_LITERAL_CONVERSION = YES;
				CLANG_WARN_OBJC_ROOT_CLASS = YES_ERROR;
				CLANG_WARN_QUOTED_INCLUDE_IN_FRAMEWORK_HEADER = YES;
				CLANG_WARN_RANGE_LOOP_ANALYSIS = YES;
				CLANG_WARN_STRICT_PROTOTYPES = YES;
				CLANG_WARN_SUSPICIOUS_MOVE = YES;
				CLANG_WARN_UNGUARDED_AVAILABILITY = YES_AGGRESSIVE;
				CLANG_WARN_UNREACHABLE_CODE = YES;
				CLANG_WARN__DUPLICATE_METHOD_MATCH = YES;
				COPY_PHASE_STRIP = NO;
				DEBUG_INFORMATION_FORMAT = "dwarf-with-dsym";
				ENABLE_NS_ASSERTIONS = NO;
				ENABLE_STRICT_OBJC_MSGSEND = YES;
				GCC_C_LANGUAGE_STANDARD = gnu11;
				GCC_NO_COMMON_BLOCKS = YES;
				GCC_WARN_64_TO_32_BIT_CONVERSION = YES;
				GCC_WARN_ABOUT_RETURN_TYPE = YES_ERROR;
				GCC_WARN_UNDECLARED_SELECTOR = YES;
				GCC_WARN_UNINITIALIZED_AUTOS = YES_AGGRESSIVE;
				GCC_WARN_UNUSED_FUNCTION = YES;
				GCC_WARN_UNUSED_VARIABLE = YES;
				IPHONEOS_DEPLOYMENT_TARGET = 16.4;
				MTL_ENABLE_DEBUG_INFO = NO;
				MTL_FAST_MATH = YES;
				SDKROOT = iphoneos;
				SWIFT_COMPILATION_MODE = wholemodule;
				SWIFT_OPTIMIZATION_LEVEL = "-O";
				VALIDATE_PRODUCT = YES;
			};
			name = Release;
		};
		EC57839D29EAFE5C0077D9B0 /* Debug */ = {
			isa = XCBuildConfiguration;
			buildSettings = {
				ASSETCATALOG_COMPILER_APPICON_NAME = AppIcon;
				ASSETCATALOG_COMPILER_GLOBAL_ACCENT_COLOR_NAME = AccentColor;
				CODE_SIGN_STYLE = Automatic;
				CURRENT_PROJECT_VERSION = 1;
				GENERATE_INFOPLIST_FILE = YES;
				INFOPLIST_FILE = TableViewUIKitDemo/Info.plist;
				INFOPLIST_KEY_UIApplicationSupportsIndirectInputEvents = YES;
				INFOPLIST_KEY_UILaunchStoryboardName = LaunchScreen;
				INFOPLIST_KEY_UIMainStoryboardFile = Main;
				INFOPLIST_KEY_UISupportedInterfaceOrientations_iPad = "UIInterfaceOrientationPortrait UIInterfaceOrientationPortraitUpsideDown UIInterfaceOrientationLandscapeLeft UIInterfaceOrientationLandscapeRight";
				INFOPLIST_KEY_UISupportedInterfaceOrientations_iPhone = "UIInterfaceOrientationPortrait UIInterfaceOrientationLandscapeLeft UIInterfaceOrientationLandscapeRight";
				LD_RUNPATH_SEARCH_PATHS = (
					"$(inherited)",
					"@executable_path/Frameworks",
				);
				MARKETING_VERSION = 1.0;
				PRODUCT_BUNDLE_IDENTIFIER = cristianbanarescu.TableViewUIKitDemo;
				PRODUCT_NAME = "$(TARGET_NAME)";
				SWIFT_EMIT_LOC_STRINGS = YES;
				SWIFT_VERSION = 5.0;
				TARGETED_DEVICE_FAMILY = "1,2";
			};
			name = Debug;
		};
		EC57839E29EAFE5C0077D9B0 /* Release */ = {
			isa = XCBuildConfiguration;
			buildSettings = {
				ASSETCATALOG_COMPILER_APPICON_NAME = AppIcon;
				ASSETCATALOG_COMPILER_GLOBAL_ACCENT_COLOR_NAME = AccentColor;
				CODE_SIGN_STYLE = Automatic;
				CURRENT_PROJECT_VERSION = 1;
				GENERATE_INFOPLIST_FILE = YES;
				INFOPLIST_FILE = TableViewUIKitDemo/Info.plist;
				INFOPLIST_KEY_UIApplicationSupportsIndirectInputEvents = YES;
				INFOPLIST_KEY_UILaunchStoryboardName = LaunchScreen;
				INFOPLIST_KEY_UIMainStoryboardFile = Main;
				INFOPLIST_KEY_UISupportedInterfaceOrientations_iPad = "UIInterfaceOrientationPortrait UIInterfaceOrientationPortraitUpsideDown UIInterfaceOrientationLandscapeLeft UIInterfaceOrientationLandscapeRight";
				INFOPLIST_KEY_UISupportedInterfaceOrientations_iPhone = "UIInterfaceOrientationPortrait UIInterfaceOrientationLandscapeLeft UIInterfaceOrientationLandscapeRight";
				LD_RUNPATH_SEARCH_PATHS = (
					"$(inherited)",
					"@executable_path/Frameworks",
				);
				MARKETING_VERSION = 1.0;
				PRODUCT_BUNDLE_IDENTIFIER = cristianbanarescu.TableViewUIKitDemo;
				PRODUCT_NAME = "$(TARGET_NAME)";
				SWIFT_EMIT_LOC_STRINGS = YES;
				SWIFT_VERSION = 5.0;
				TARGETED_DEVICE_FAMILY = "1,2";
			};
			name = Release;
		};
/* End XCBuildConfiguration section */

/* Begin XCConfigurationList section */
		EC57838329EAFE5B0077D9B0 /* Build configuration list for PBXProject "TableViewUIKitDemo" */ = {
			isa = XCConfigurationList;
			buildConfigurations = (
				EC57839A29EAFE5C0077D9B0 /* Debug */,
				EC57839B29EAFE5C0077D9B0 /* Release */,
			);
			defaultConfigurationIsVisible = 0;
			defaultConfigurationName = Release;
		};
		EC57839C29EAFE5C0077D9B0 /* Build configuration list for PBXNativeTarget "TableViewUIKitDemo" */ = {
			isa = XCConfigurationList;
			buildConfigurations = (
				EC57839D29EAFE5C0077D9B0 /* Debug */,
				EC57839E29EAFE5C0077D9B0 /* Release */,
			);
			defaultConfigurationIsVisible = 0;
			defaultConfigurationName = Release;
		};
/* End XCConfigurationList section */
	};
	rootObject = EC57838029EAFE5B0077D9B0 /* Project object */;
}
